
Microsoft Visual Studio Solution File, Format Version 12.00
# Visual Studio Version 16
VisualStudioVersion = 16.0.29215.179
MinimumVisualStudioVersion = 10.0.40219.1
Project("{FAE04EC0-301F-11D3-BF4B-00C04F79EFBC}") = "ParkNGo", "ParkNGo\ParkNGo.csproj", "{BFEB29EA-34BD-4E53-8A5C-5698A067B21A}"
EndProject
Global
	GlobalSection(SolutionConfigurationPlatforms) = preSolution
		Debug|Any CPU = Debug|Any CPU
		Release|Any CPU = Release|Any CPU
	EndGlobalSection
	GlobalSection(ProjectConfigurationPlatforms) = postSolution
		{BFEB29EA-34BD-4E53-8A5C-5698A067B21A}.Debug|Any CPU.ActiveCfg = Debug|Any CPU
		{BFEB29EA-34BD-4E53-8A5C-5698A067B21A}.Debug|Any CPU.Build.0 = Debug|Any CPU
		{BFEB29EA-34BD-4E53-8A5C-5698A067B21A}.Release|Any CPU.ActiveCfg = Release|Any CPU
		{BFEB29EA-34BD-4E53-8A5C-5698A067B21A}.Release|Any CPU.Build.0 = Release|Any CPU
	EndGlobalSection
	GlobalSection(SolutionProperties) = preSolution
		HideSolutionNode = FALSE
	EndGlobalSection
	GlobalSection(ExtensibilityGlobals) = postSolution
		SolutionGuid = {24BED12B-1253-462E-9B09-AC64F8A9C3E6}
	EndGlobalSection
EndGlobal
